// !$*UTF8*$!
{
	archiveVersion = 1;
	classes = {
	};
	objectVersion = 51;
	objects = {

/* Begin PBXBuildFile section */
		1A683A8B27A91DC300E0160F /* ChatFirebaseApp.swift in Sources */ = {isa = PBXBuildFile; fileRef = 1A683A8A27A91DC300E0160F /* ChatFirebaseApp.swift */; };
		1A683A8D27A91DC300E0160F /* ContentView.swift in Sources */ = {isa = PBXBuildFile; fileRef = 1A683A8C27A91DC300E0160F /* ContentView.swift */; };
		1A683A8F27A91DC900E0160F /* Assets.xcassets in Resources */ = {isa = PBXBuildFile; fileRef = 1A683A8E27A91DC900E0160F /* Assets.xcassets */; };
		1A683A9227A91DC900E0160F /* Preview Assets.xcassets in Resources */ = {isa = PBXBuildFile; fileRef = 1A683A9127A91DC900E0160F /* Preview Assets.xcassets */; };
		1A683A9A27A91F9F00E0160F /* GoogleService-Info.plist in Resources */ = {isa = PBXBuildFile; fileRef = 1A683A9927A91F9F00E0160F /* GoogleService-Info.plist */; };
		1A683A9D27A92C0800E0160F /* SessionStore.swift in Sources */ = {isa = PBXBuildFile; fileRef = 1A683A9C27A92C0800E0160F /* SessionStore.swift */; };
		1A683AA027A934C800E0160F /* ChatList.swift in Sources */ = {isa = PBXBuildFile; fileRef = 1A683A9F27A934C800E0160F /* ChatList.swift */; };
		1A683AA227A98FB900E0160F /* Login.swift in Sources */ = {isa = PBXBuildFile; fileRef = 1A683AA127A98FB900E0160F /* Login.swift */; };
		1A683AA427A9A23900E0160F /* ChatroomsViewModel.swift in Sources */ = {isa = PBXBuildFile; fileRef = 1A683AA327A9A23900E0160F /* ChatroomsViewModel.swift */; };
		1A683AA627A9D77400E0160F /* Join.swift in Sources */ = {isa = PBXBuildFile; fileRef = 1A683AA527A9D77400E0160F /* Join.swift */; };
		1A683AA827AA747500E0160F /* MessagesViewModel.swift in Sources */ = {isa = PBXBuildFile; fileRef = 1A683AA727AA747500E0160F /* MessagesViewModel.swift */; };
		1A683AAC27AA891300E0160F /* Messages.swift in Sources */ = {isa = PBXBuildFile; fileRef = 1A683AAB27AA891300E0160F /* Messages.swift */; };
		FA312E7A6AC8AB4D29AB3601 /* Pods_ChatFirebase.framework in Frameworks */ = {isa = PBXBuildFile; fileRef = C4616B72042ECD02D7703BF9 /* Pods_ChatFirebase.framework */; };
/* End PBXBuildFile section */

/* Begin PBXFileReference section */
		1A683A8727A91DC300E0160F /* ChatFirebase.app */ = {isa = PBXFileReference; explicitFileType = wrapper.application; includeInIndex = 0; path = ChatFirebase.app; sourceTree = BUILT_PRODUCTS_DIR; };
		1A683A8A27A91DC300E0160F /* ChatFirebaseApp.swift */ = {isa = PBXFileReference; lastKnownFileType = sourcecode.swift; path = ChatFirebaseApp.swift; sourceTree = "<group>"; };
		1A683A8C27A91DC300E0160F /* ContentView.swift */ = {isa = PBXFileReference; lastKnownFileType = sourcecode.swift; path = ContentView.swift; sourceTree = "<group>"; };
		1A683A8E27A91DC900E0160F /* Assets.xcassets */ = {isa = PBXFileReference; lastKnownFileType = folder.assetcatalog; path = Assets.xcassets; sourceTree = "<group>"; };
		1A683A9127A91DC900E0160F /* Preview Assets.xcassets */ = {isa = PBXFileReference; lastKnownFileType = folder.assetcatalog; path = "Preview Assets.xcassets"; sourceTree = "<group>"; };
		1A683A9327A91DC900E0160F /* Info.plist */ = {isa = PBXFileReference; lastKnownFileType = text.plist.xml; path = Info.plist; sourceTree = "<group>"; };
		1A683A9927A91F9F00E0160F /* GoogleService-Info.plist */ = {isa = PBXFileReference; fileEncoding = 4; lastKnownFileType = text.plist.xml; path = "GoogleService-Info.plist"; sourceTree = "<group>"; };
		1A683A9C27A92C0800E0160F /* SessionStore.swift */ = {isa = PBXFileReference; lastKnownFileType = sourcecode.swift; path = SessionStore.swift; sourceTree = "<group>"; };
		1A683A9F27A934C800E0160F /* ChatList.swift */ = {isa = PBXFileReference; lastKnownFileType = sourcecode.swift; path = ChatList.swift; sourceTree = "<group>"; };
		1A683AA127A98FB900E0160F /* Login.swift */ = {isa = PBXFileReference; lastKnownFileType = sourcecode.swift; path = Login.swift; sourceTree = "<group>"; };
		1A683AA327A9A23900E0160F /* ChatroomsViewModel.swift */ = {isa = PBXFileReference; lastKnownFileType = sourcecode.swift; path = ChatroomsViewModel.swift; sourceTree = "<group>"; };
		1A683AA527A9D77400E0160F /* Join.swift */ = {isa = PBXFileReference; lastKnownFileType = sourcecode.swift; path = Join.swift; sourceTree = "<group>"; };
		1A683AA727AA747500E0160F /* MessagesViewModel.swift */ = {isa = PBXFileReference; lastKnownFileType = sourcecode.swift; path = MessagesViewModel.swift; sourceTree = "<group>"; };
		1A683AAB27AA891300E0160F /* Messages.swift */ = {isa = PBXFileReference; lastKnownFileType = sourcecode.swift; path = Messages.swift; sourceTree = "<group>"; };
		312E6439CA80706D7A8588C3 /* Pods-ChatFirebase.release.xcconfig */ = {isa = PBXFileReference; includeInIndex = 1; lastKnownFileType = text.xcconfig; name = "Pods-ChatFirebase.release.xcconfig"; path = "Target Support Files/Pods-ChatFirebase/Pods-ChatFirebase.release.xcconfig"; sourceTree = "<group>"; };
		938ED427523E3CF0AC1AFF64 /* Pods-ChatFirebase.debug.xcconfig */ = {isa = PBXFileReference; includeInIndex = 1; lastKnownFileType = text.xcconfig; name = "Pods-ChatFirebase.debug.xcconfig"; path = "Target Support Files/Pods-ChatFirebase/Pods-ChatFirebase.debug.xcconfig"; sourceTree = "<group>"; };
		C4616B72042ECD02D7703BF9 /* Pods_ChatFirebase.framework */ = {isa = PBXFileReference; explicitFileType = wrapper.framework; includeInIndex = 0; path = Pods_ChatFirebase.framework; sourceTree = BUILT_PRODUCTS_DIR; };
/* End PBXFileReference section */

/* Begin PBXFrameworksBuildPhase section */
		1A683A8427A91DC300E0160F /* Frameworks */ = {
			isa = PBXFrameworksBuildPhase;
			buildActionMask = 2147483647;
			files = (
				FA312E7A6AC8AB4D29AB3601 /* Pods_ChatFirebase.framework in Frameworks */,
			);
			runOnlyForDeploymentPostprocessing = 0;
		};
/* End PBXFrameworksBuildPhase section */

/* Begin PBXGroup section */
		1A683A7E27A91DC200E0160F = {
			isa = PBXGroup;
			children = (
				1A683A8927A91DC300E0160F /* ChatFirebase */,
				1A683A8827A91DC300E0160F /* Products */,
				91204001D6814763E96488E8 /* Pods */,
				F34410F1D2C649E04C757DFF /* Frameworks */,
			);
			sourceTree = "<group>";
		};
		1A683A8827A91DC300E0160F /* Products */ = {
			isa = PBXGroup;
			children = (
				1A683A8727A91DC300E0160F /* ChatFirebase.app */,
			);
			name = Products;
			sourceTree = "<group>";
		};
		1A683A8927A91DC300E0160F /* ChatFirebase */ = {
			isa = PBXGroup;
			children = (
				1A683A9E27A934AE00E0160F /* screens */,
				1A683A9B27A92BD800E0160F /* util */,
				1A683A8A27A91DC300E0160F /* ChatFirebaseApp.swift */,
				1A683A8C27A91DC300E0160F /* ContentView.swift */,
				1A683A8E27A91DC900E0160F /* Assets.xcassets */,
				1A683A9327A91DC900E0160F /* Info.plist */,
				1A683A9927A91F9F00E0160F /* GoogleService-Info.plist */,
				1A683A9027A91DC900E0160F /* Preview Content */,
			);
			path = ChatFirebase;
			sourceTree = "<group>";
		};
		1A683A9027A91DC900E0160F /* Preview Content */ = {
			isa = PBXGroup;
			children = (
				1A683A9127A91DC900E0160F /* Preview Assets.xcassets */,
			);
			path = "Preview Content";
			sourceTree = "<group>";
		};
		1A683A9B27A92BD800E0160F /* util */ = {
			isa = PBXGroup;
			children = (
				1A683A9C27A92C0800E0160F /* SessionStore.swift */,
				1A683AA327A9A23900E0160F /* ChatroomsViewModel.swift */,
				1A683AA727AA747500E0160F /* MessagesViewModel.swift */,
			);
			path = util;
			sourceTree = "<group>";
		};
		1A683A9E27A934AE00E0160F /* screens */ = {
			isa = PBXGroup;
			children = (
				1A683A9F27A934C800E0160F /* ChatList.swift */,
				1A683AA127A98FB900E0160F /* Login.swift */,
				1A683AA527A9D77400E0160F /* Join.swift */,
				1A683AAB27AA891300E0160F /* Messages.swift */,
			);
			path = screens;
			sourceTree = "<group>";
		};
		91204001D6814763E96488E8 /* Pods */ = {
			isa = PBXGroup;
			children = (
				938ED427523E3CF0AC1AFF64 /* Pods-ChatFirebase.debug.xcconfig */,
				312E6439CA80706D7A8588C3 /* Pods-ChatFirebase.release.xcconfig */,
			);
			path = Pods;
			sourceTree = "<group>";
		};
		F34410F1D2C649E04C757DFF /* Frameworks */ = {
			isa = PBXGroup;
			children = (
				C4616B72042ECD02D7703BF9 /* Pods_ChatFirebase.framework */,
			);
			name = Frameworks;
			sourceTree = "<group>";
		};
/* End PBXGroup section */

/* Begin PBXNativeTarget section */
		1A683A8627A91DC300E0160F /* ChatFirebase */ = {
			isa = PBXNativeTarget;
			buildConfigurationList = 1A683A9627A91DC900E0160F /* Build configuration list for PBXNativeTarget "ChatFirebase" */;
			buildPhases = (
				7D9606F6CA34C84F2A4673E7 /* [CP] Check Pods Manifest.lock */,
				1A683A8327A91DC300E0160F /* Sources */,
				1A683A8427A91DC300E0160F /* Frameworks */,
				1A683A8527A91DC300E0160F /* Resources */,
				AF89816A8C3F1C28C49FAD6E /* [CP] Embed Pods Frameworks */,
			);
			buildRules = (
			);
			dependencies = (
			);
			name = ChatFirebase;
			productName = ChatFirebase;
			productReference = 1A683A8727A91DC300E0160F /* ChatFirebase.app */;
			productType = "com.apple.product-type.application";
		};
/* End PBXNativeTarget section */

/* Begin PBXProject section */
		1A683A7F27A91DC300E0160F /* Project object */ = {
			isa = PBXProject;
			attributes = {
				LastSwiftUpdateCheck = 1250;
				LastUpgradeCheck = 1250;
				TargetAttributes = {
					1A683A8627A91DC300E0160F = {
						CreatedOnToolsVersion = 12.5.1;
					};
				};
			};
			buildConfigurationList = 1A683A8227A91DC300E0160F /* Build configuration list for PBXProject "ChatFirebase" */;
			compatibilityVersion = "Xcode 9.3";
			developmentRegion = en;
			hasScannedForEncodings = 0;
			knownRegions = (
				en,
				Base,
			);
			mainGroup = 1A683A7E27A91DC200E0160F;
			productRefGroup = 1A683A8827A91DC300E0160F /* Products */;
			projectDirPath = "";
			projectRoot = "";
			targets = (
				1A683A8627A91DC300E0160F /* ChatFirebase */,
			);
		};
/* End PBXProject section */

/* Begin PBXResourcesBuildPhase section */
		1A683A8527A91DC300E0160F /* Resources */ = {
			isa = PBXResourcesBuildPhase;
			buildActionMask = 2147483647;
			files = (
				1A683A9227A91DC900E0160F /* Preview Assets.xcassets in Resources */,
				1A683A8F27A91DC900E0160F /* Assets.xcassets in Resources */,
				1A683A9A27A91F9F00E0160F /* GoogleService-Info.plist in Resources */,
			);
			runOnlyForDeploymentPostprocessing = 0;
		};
/* End PBXResourcesBuildPhase section */

/* Begin PBXShellScriptBuildPhase section */
		7D9606F6CA34C84F2A4673E7 /* [CP] Check Pods Manifest.lock */ = {
			isa = PBXShellScriptBuildPhase;
			buildActionMask = 2147483647;
			files = (
			);
			inputFileListPaths = (
			);
			inputPaths = (
				"${PODS_PODFILE_DIR_PATH}/Podfile.lock",
				"${PODS_ROOT}/Manifest.lock",
			);
			name = "[CP] Check Pods Manifest.lock";
			outputFileListPaths = (
			);
			outputPaths = (
				"$(DERIVED_FILE_DIR)/Pods-ChatFirebase-checkManifestLockResult.txt",
			);
			runOnlyForDeploymentPostprocessing = 0;
			shellPath = /bin/sh;
			shellScript = "diff \"${PODS_PODFILE_DIR_PATH}/Podfile.lock\" \"${PODS_ROOT}/Manifest.lock\" > /dev/null\nif [ $? != 0 ] ; then\n    # print error to STDERR\n    echo \"error: The sandbox is not in sync with the Podfile.lock. Run 'pod install' or update your CocoaPods installation.\" >&2\n    exit 1\nfi\n# This output is used by Xcode 'outputs' to avoid re-running this script phase.\necho \"SUCCESS\" > \"${SCRIPT_OUTPUT_FILE_0}\"\n";
			showEnvVarsInLog = 0;
		};
		AF89816A8C3F1C28C49FAD6E /* [CP] Embed Pods Frameworks */ = {
			isa = PBXShellScriptBuildPhase;
			buildActionMask = 2147483647;
			files = (
			);
			inputFileListPaths = (
				"${PODS_ROOT}/Target Support Files/Pods-ChatFirebase/Pods-ChatFirebase-frameworks-${CONFIGURATION}-input-files.xcfilelist",
			);
			name = "[CP] Embed Pods Frameworks";
			outputFileListPaths = (
				"${PODS_ROOT}/Target Support Files/Pods-ChatFirebase/Pods-ChatFirebase-frameworks-${CONFIGURATION}-output-files.xcfilelist",
			);
			runOnlyForDeploymentPostprocessing = 0;
			shellPath = /bin/sh;
			shellScript = "\"${PODS_ROOT}/Target Support Files/Pods-ChatFirebase/Pods-ChatFirebase-frameworks.sh\"\n";
			showEnvVarsInLog = 0;
		};
/* End PBXShellScriptBuildPhase section */

/* Begin PBXSourcesBuildPhase section */
		1A683A8327A91DC300E0160F /* Sources */ = {
			isa = PBXSourcesBuildPhase;
			buildActionMask = 2147483647;
			files = (
				1A683A8D27A91DC300E0160F /* ContentView.swift in Sources */,
				1A683AAC27AA891300E0160F /* Messages.swift in Sources */,
				1A683AA227A98FB900E0160F /* Login.swift in Sources */,
				1A683AA627A9D77400E0160F /* Join.swift in Sources */,
				1A683AA027A934C800E0160F /* ChatList.swift in Sources */,
				1A683A8B27A91DC300E0160F /* ChatFirebaseApp.swift in Sources */,
				1A683A9D27A92C0800E0160F /* SessionStore.swift in Sources */,
				1A683AA827AA747500E0160F /* MessagesViewModel.swift in Sources */,
				1A683AA427A9A23900E0160F /* ChatroomsViewModel.swift in Sources */,
			);
			runOnlyForDeploymentPostprocessing = 0;
		};
/* End PBXSourcesBuildPhase section */

/* Begin XCBuildConfiguration section */
		1A683A9427A91DC900E0160F /* Debug */ = {
			isa = XCBuildConfiguration;
			buildSettings = {
				ALWAYS_SEARCH_USER_PATHS = NO;
				CLANG_ANALYZER_NONNULL = YES;
				CLANG_ANALYZER_NUMBER_OBJECT_CONVERSION = YES_AGGRESSIVE;
				CLANG_CXX_LANGUAGE_STANDARD = "gnu++14";
				CLANG_CXX_LIBRARY = "libc++";
				CLANG_ENABLE_MODULES = YES;
				CLANG_ENABLE_OBJC_ARC = YES;
				CLANG_ENABLE_OBJC_WEAK = YES;
				CLANG_WARN_BLOCK_CAPTURE_AUTORELEASING = YES;
				CLANG_WARN_BOOL_CONVERSION = YES;
				CLANG_WARN_COMMA = YES;
				CLANG_WARN_CONSTANT_CONVERSION = YES;
				CLANG_WARN_DEPRECATED_OBJC_IMPLEMENTATIONS = YES;
				CLANG_WARN_DIRECT_OBJC_ISA_USAGE = YES_ERROR;
				CLANG_WARN_DOCUMENTATION_COMMENTS = YES;
				CLANG_WARN_EMPTY_BODY = YES;
				CLANG_WARN_ENUM_CONVERSION = YES;
				CLANG_WARN_INFINITE_RECURSION = YES;
				CLANG_WARN_INT_CONVERSION = YES;
				CLANG_WARN_NON_LITERAL_NULL_CONVERSION = YES;
				CLANG_WARN_OBJC_IMPLICIT_RETAIN_SELF = YES;
				CLANG_WARN_OBJC_LITERAL_CONVERSION = YES;
				CLANG_WARN_OBJC_ROOT_CLASS = YES_ERROR;
				CLANG_WARN_QUOTED_INCLUDE_IN_FRAMEWORK_HEADER = YES;
				CLANG_WARN_RANGE_LOOP_ANALYSIS = YES;
				CLANG_WARN_STRICT_PROTOTYPES = YES;
				CLANG_WARN_SUSPICIOUS_MOVE = YES;
				CLANG_WARN_UNGUARDED_AVAILABILITY = YES_AGGRESSIVE;
				CLANG_WARN_UNREACHABLE_CODE = YES;
				CLANG_WARN__DUPLICATE_METHOD_MATCH = YES;
				COPY_PHASE_STRIP = NO;
				DEBUG_INFORMATION_FORMAT = dwarf;
				ENABLE_STRICT_OBJC_MSGSEND = YES;
				ENABLE_TESTABILITY = YES;
				GCC_C_LANGUAGE_STANDARD = gnu11;
				GCC_DYNAMIC_NO_PIC = NO;
				GCC_NO_COMMON_BLOCKS = YES;
				GCC_OPTIMIZATION_LEVEL = 0;
				GCC_PREPROCESSOR_DEFINITIONS = (
					"DEBUG=1",
					"$(inherited)",
				);
				GCC_WARN_64_TO_32_BIT_CONVERSION = YES;
				GCC_WARN_ABOUT_RETURN_TYPE = YES_ERROR;
				GCC_WARN_UNDECLARED_SELECTOR = YES;
				GCC_WARN_UNINITIALIZED_AUTOS = YES_AGGRESSIVE;
				GCC_WARN_UNUSED_FUNCTION = YES;
				GCC_WARN_UNUSED_VARIABLE = YES;
				IPHONEOS_DEPLOYMENT_TARGET = 14.5;
				MTL_ENABLE_DEBUG_INFO = INCLUDE_SOURCE;
				MTL_FAST_MATH = YES;
				ONLY_ACTIVE_ARCH = YES;
				SDKROOT = iphoneos;
				SWIFT_ACTIVE_COMPILATION_CONDITIONS = DEBUG;
				SWIFT_OPTIMIZATION_LEVEL = "-Onone";
			};
			name = Debug;
		};
		1A683A9527A91DC900E0160F /* Release */ = {
			isa = XCBuildConfiguration;
			buildSettings = {
				ALWAYS_SEARCH_USER_PATHS = NO;
				CLANG_ANALYZER_NONNULL = YES;
				CLANG_ANALYZER_NUMBER_OBJECT_CONVERSION = YES_AGGRESSIVE;
				CLANG_CXX_LANGUAGE_STANDARD = "gnu++14";
				CLANG_CXX_LIBRARY = "libc++";
				CLANG_ENABLE_MODULES = YES;
				CLANG_ENABLE_OBJC_ARC = YES;
				CLANG_ENABLE_OBJC_WEAK = YES;
				CLANG_WARN_BLOCK_CAPTURE_AUTORELEASING = YES;
				CLANG_WARN_BOOL_CONVERSION = YES;
				CLANG_WARN_COMMA = YES;
				CLANG_WARN_CONSTANT_CONVERSION = YES;
				CLANG_WARN_DEPRECATED_OBJC_IMPLEMENTATIONS = YES;
				CLANG_WARN_DIRECT_OBJC_ISA_USAGE = YES_ERROR;
				CLANG_WARN_DOCUMENTATION_COMMENTS = YES;
				CLANG_WARN_EMPTY_BODY = YES;
				CLANG_WARN_ENUM_CONVERSION = YES;
				CLANG_WARN_INFINITE_RECURSION = YES;
				CLANG_WARN_INT_CONVERSION = YES;
				CLANG_WARN_NON_LITERAL_NULL_CONVERSION = YES;
				CLANG_WARN_OBJC_IMPLICIT_RETAIN_SELF = YES;
				CLANG_WARN_OBJC_LITERAL_CONVERSION = YES;
				CLANG_WARN_OBJC_ROOT_CLASS = YES_ERROR;
				CLANG_WARN_QUOTED_INCLUDE_IN_FRAMEWORK_HEADER = YES;
				CLANG_WARN_RANGE_LOOP_ANALYSIS = YES;
				CLANG_WARN_STRICT_PROTOTYPES = YES;
				CLANG_WARN_SUSPICIOUS_MOVE = YES;
				CLANG_WARN_UNGUARDED_AVAILABILITY = YES_AGGRESSIVE;
				CLANG_WARN_UNREACHABLE_CODE = YES;
				CLANG_WARN__DUPLICATE_METHOD_MATCH = YES;
				COPY_PHASE_STRIP = NO;
				DEBUG_INFORMATION_FORMAT = "dwarf-with-dsym";
				ENABLE_NS_ASSERTIONS = NO;
				ENABLE_STRICT_OBJC_MSGSEND = YES;
				GCC_C_LANGUAGE_STANDARD = gnu11;
				GCC_NO_COMMON_BLOCKS = YES;
				GCC_WARN_64_TO_32_BIT_CONVERSION = YES;
				GCC_WARN_ABOUT_RETURN_TYPE = YES_ERROR;
				GCC_WARN_UNDECLARED_SELECTOR = YES;
				GCC_WARN_UNINITIALIZED_AUTOS = YES_AGGRESSIVE;
				GCC_WARN_UNUSED_FUNCTION = YES;
				GCC_WARN_UNUSED_VARIABLE = YES;
				IPHONEOS_DEPLOYMENT_TARGET = 14.5;
				MTL_ENABLE_DEBUG_INFO = NO;
				MTL_FAST_MATH = YES;
				SDKROOT = iphoneos;
				SWIFT_COMPILATION_MODE = wholemodule;
				SWIFT_OPTIMIZATION_LEVEL = "-O";
				VALIDATE_PRODUCT = YES;
			};
			name = Release;
		};
		1A683A9727A91DC900E0160F /* Debug */ = {
			isa = XCBuildConfiguration;
			baseConfigurationReference = 938ED427523E3CF0AC1AFF64 /* Pods-ChatFirebase.debug.xcconfig */;
			buildSettings = {
				ASSETCATALOG_COMPILER_APPICON_NAME = AppIcon;
				ASSETCATALOG_COMPILER_GLOBAL_ACCENT_COLOR_NAME = AccentColor;
				CODE_SIGN_STYLE = Automatic;
				DEVELOPMENT_ASSET_PATHS = "\"ChatFirebase/Preview Content\"";
				DEVELOPMENT_TEAM = 5XJGY7TQJ3;
				ENABLE_PREVIEWS = YES;
				INFOPLIST_FILE = ChatFirebase/Info.plist;
				IPHONEOS_DEPLOYMENT_TARGET = 14.0;
				LD_RUNPATH_SEARCH_PATHS = (
					"$(inherited)",
					"@executable_path/Frameworks",
				);
				PRODUCT_BUNDLE_IDENTIFIER = Anna.violin.ChatFirebase;
				PRODUCT_NAME = "$(TARGET_NAME)";
				SWIFT_VERSION = 5.0;
				TARGETED_DEVICE_FAMILY = "1,2";
			};
			name = Debug;
		};
		1A683A9827A91DC900E0160F /* Release */ = {
			isa = XCBuildConfiguration;
			baseConfigurationReference = 312E6439CA80706D7A8588C3 /* Pods-ChatFirebase.release.xcconfig */;
			buildSettings = {
				ASSETCATALOG_COMPILER_APPICON_NAME = AppIcon;
				ASSETCATALOG_COMPILER_GLOBAL_ACCENT_COLOR_NAME = AccentColor;
				CODE_SIGN_STYLE = Automatic;
				DEVELOPMENT_ASSET_PATHS = "\"ChatFirebase/Preview Content\"";
				DEVELOPMENT_TEAM = 5XJGY7TQJ3;
				ENABLE_PREVIEWS = YES;
				INFOPLIST_FILE = ChatFirebase/Info.plist;
				IPHONEOS_DEPLOYMENT_TARGET = 14.0;
				LD_RUNPATH_SEARCH_PATHS = (
					"$(inherited)",
					"@executable_path/Frameworks",
				);
				PRODUCT_BUNDLE_IDENTIFIER = Anna.violin.ChatFirebase;
				PRODUCT_NAME = "$(TARGET_NAME)";
				SWIFT_VERSION = 5.0;
				TARGETED_DEVICE_FAMILY = "1,2";
			};
			name = Release;
		};
/* End XCBuildConfiguration section */

/* Begin XCConfigurationList section */
		1A683A8227A91DC300E0160F /* Build configuration list for PBXProject "ChatFirebase" */ = {
			isa = XCConfigurationList;
			buildConfigurations = (
				1A683A9427A91DC900E0160F /* Debug */,
				1A683A9527A91DC900E0160F /* Release */,
			);
			defaultConfigurationIsVisible = 0;
			defaultConfigurationName = Release;
		};
		1A683A9627A91DC900E0160F /* Build configuration list for PBXNativeTarget "ChatFirebase" */ = {
			isa = XCConfigurationList;
			buildConfigurations = (
				1A683A9727A91DC900E0160F /* Debug */,
				1A683A9827A91DC900E0160F /* Release */,
			);
			defaultConfigurationIsVisible = 0;
			defaultConfigurationName = Release;
		};
/* End XCConfigurationList section */
	};
	rootObject = 1A683A7F27A91DC300E0160F /* Project object */;
}
